
Microsoft Visual Studio Solution File, Format Version 12.00
# Visual Studio Version 17
VisualStudioVersion = 17.5.33530.505
MinimumVisualStudioVersion = 10.0.40219.1
Project("{8BC9CEB8-8B4A-11D0-8D11-00A0C91BC942}") = "test", "test\test.vcxproj", "{BFCCEBD9-B138-4111-A6C8-EF17257A9822}"
EndProject
Global
	GlobalSection(SolutionConfigurationPlatforms) = preSolution
		Debug|x64 = Debug|x64
		Debug|x86 = Debug|x86
		Release|x64 = Release|x64
		Release|x86 = Release|x86
	EndGlobalSection
	GlobalSection(ProjectConfigurationPlatforms) = postSolution
		{BFCCEBD9-B138-4111-A6C8-EF17257A9822}.Debug|x64.ActiveCfg = Debug|x64
		{BFCCEBD9-B138-4111-A6C8-EF17257A9822}.Debug|x64.Build.0 = Debug|x64
		{BFCCEBD9-B138-4111-A6C8-EF17257A9822}.Debug|x86.ActiveCfg = Debug|Win32
		{BFCCEBD9-B138-4111-A6C8-EF17257A9822}.Debug|x86.Build.0 = Debug|Win32
		{BFCCEBD9-B138-4111-A6C8-EF17257A9822}.Release|x64.ActiveCfg = Release|x64
		{BFCCEBD9-B138-4111-A6C8-EF17257A9822}.Release|x64.Build.0 = Release|x64
		{BFCCEBD9-B138-4111-A6C8-EF17257A9822}.Release|x86.ActiveCfg = Release|Win32
		{BFCCEBD9-B138-4111-A6C8-EF17257A9822}.Release|x86.Build.0 = Release|Win32
	EndGlobalSection
	GlobalSection(SolutionProperties) = preSolution
		HideSolutionNode = FALSE
	EndGlobalSection
	GlobalSection(ExtensibilityGlobals) = postSolution
		SolutionGuid = {2172760F-AFBB-4CB0-9C31-192B870E14D2}
	EndGlobalSection
EndGlobal
